
Microsoft Visual Studio Solution File, Format Version 12.00
# Visual Studio 14
VisualStudioVersion = 14.0.25420.1
MinimumVisualStudioVersion = 10.0.40219.1
Project("{FAE04EC0-301F-11D3-BF4B-00C04F79EFBC}") = "ImageProcessingApplication", "ImageProcessingApplication\ImageProcessingApplication.csproj", "{4CEB9D61-34B8-4B07-BCDD-1A4AB80223F3}"
EndProject
Project("{FAE04EC0-301F-11D3-BF4B-00C04F79EFBC}") = "VideoProcessingApplication", "VideoProcessingApplication\VideoProcessingApplication.csproj", "{4CCA0D3E-B37F-4C38-8241-A99BE038DF9F}"
EndProject
Project("{FAE04EC0-301F-11D3-BF4B-00C04F79EFBC}") = "ImageProcessingLibrary", "..\Libraries\ImageProcessingLibrary\ImageProcessingLibrary.csproj", "{BBD065DF-402B-45DD-ABF0-E7FE66DBC8A9}"
EndProject
Project("{FAE04EC0-301F-11D3-BF4B-00C04F79EFBC}") = "ObjectSerializerLibrary", "..\Libraries\ObjectSerializerLibrary\ObjectSerializerLibrary.csproj", "{B27A4215-2AC9-4DB2-8F7F-E68DE3109E23}"
EndProject
Global
	GlobalSection(SolutionConfigurationPlatforms) = preSolution
		Debug|Any CPU = Debug|Any CPU
		Debug|x86 = Debug|x86
		Release|Any CPU = Release|Any CPU
		Release|x86 = Release|x86
	EndGlobalSection
	GlobalSection(ProjectConfigurationPlatforms) = postSolution
		{4CEB9D61-34B8-4B07-BCDD-1A4AB80223F3}.Debug|Any CPU.ActiveCfg = Debug|x86
		{4CEB9D61-34B8-4B07-BCDD-1A4AB80223F3}.Debug|x86.ActiveCfg = Debug|x86
		{4CEB9D61-34B8-4B07-BCDD-1A4AB80223F3}.Debug|x86.Build.0 = Debug|x86
		{4CEB9D61-34B8-4B07-BCDD-1A4AB80223F3}.Release|Any CPU.ActiveCfg = Release|x86
		{4CEB9D61-34B8-4B07-BCDD-1A4AB80223F3}.Release|x86.ActiveCfg = Release|x86
		{4CEB9D61-34B8-4B07-BCDD-1A4AB80223F3}.Release|x86.Build.0 = Release|x86
		{4CCA0D3E-B37F-4C38-8241-A99BE038DF9F}.Debug|Any CPU.ActiveCfg = Debug|x86
		{4CCA0D3E-B37F-4C38-8241-A99BE038DF9F}.Debug|x86.ActiveCfg = Debug|x86
		{4CCA0D3E-B37F-4C38-8241-A99BE038DF9F}.Debug|x86.Build.0 = Debug|x86
		{4CCA0D3E-B37F-4C38-8241-A99BE038DF9F}.Release|Any CPU.ActiveCfg = Release|x86
		{4CCA0D3E-B37F-4C38-8241-A99BE038DF9F}.Release|x86.ActiveCfg = Release|x86
		{4CCA0D3E-B37F-4C38-8241-A99BE038DF9F}.Release|x86.Build.0 = Release|x86
		{BBD065DF-402B-45DD-ABF0-E7FE66DBC8A9}.Debug|Any CPU.ActiveCfg = Debug|Any CPU
		{BBD065DF-402B-45DD-ABF0-E7FE66DBC8A9}.Debug|Any CPU.Build.0 = Debug|Any CPU
		{BBD065DF-402B-45DD-ABF0-E7FE66DBC8A9}.Debug|x86.ActiveCfg = Debug|Any CPU
		{BBD065DF-402B-45DD-ABF0-E7FE66DBC8A9}.Debug|x86.Build.0 = Debug|Any CPU
		{BBD065DF-402B-45DD-ABF0-E7FE66DBC8A9}.Release|Any CPU.ActiveCfg = Release|Any CPU
		{BBD065DF-402B-45DD-ABF0-E7FE66DBC8A9}.Release|Any CPU.Build.0 = Release|Any CPU
		{BBD065DF-402B-45DD-ABF0-E7FE66DBC8A9}.Release|x86.ActiveCfg = Release|Any CPU
		{BBD065DF-402B-45DD-ABF0-E7FE66DBC8A9}.Release|x86.Build.0 = Release|Any CPU
		{B27A4215-2AC9-4DB2-8F7F-E68DE3109E23}.Debug|Any CPU.ActiveCfg = Debug|Any CPU
		{B27A4215-2AC9-4DB2-8F7F-E68DE3109E23}.Debug|Any CPU.Build.0 = Debug|Any CPU
		{B27A4215-2AC9-4DB2-8F7F-E68DE3109E23}.Debug|x86.ActiveCfg = Debug|Any CPU
		{B27A4215-2AC9-4DB2-8F7F-E68DE3109E23}.Debug|x86.Build.0 = Debug|Any CPU
		{B27A4215-2AC9-4DB2-8F7F-E68DE3109E23}.Release|Any CPU.ActiveCfg = Release|Any CPU
		{B27A4215-2AC9-4DB2-8F7F-E68DE3109E23}.Release|Any CPU.Build.0 = Release|Any CPU
		{B27A4215-2AC9-4DB2-8F7F-E68DE3109E23}.Release|x86.ActiveCfg = Release|Any CPU
		{B27A4215-2AC9-4DB2-8F7F-E68DE3109E23}.Release|x86.Build.0 = Release|Any CPU
	EndGlobalSection
	GlobalSection(SolutionProperties) = preSolution
		HideSolutionNode = FALSE
	EndGlobalSection
EndGlobal
